
Microsoft Visual Studio Solution File, Format Version 12.00
# Visual Studio Version 17
VisualStudioVersion = 17.8.34525.116
MinimumVisualStudioVersion = 10.0.40219.1
Project("{FAE04EC0-301F-11D3-BF4B-00C04F79EFBC}") = "CChavezProgramFinal", "CChavezProgramFinal\CChavezProgramFinal.csproj", "{19376F33-FE3A-4251-9606-3BB9C7152032}"
EndProject
Global
	GlobalSection(SolutionConfigurationPlatforms) = preSolution
		Debug|Any CPU = Debug|Any CPU
		Release|Any CPU = Release|Any CPU
	EndGlobalSection
	GlobalSection(ProjectConfigurationPlatforms) = postSolution
		{19376F33-FE3A-4251-9606-3BB9C7152032}.Debug|Any CPU.ActiveCfg = Debug|Any CPU
		{19376F33-FE3A-4251-9606-3BB9C7152032}.Debug|Any CPU.Build.0 = Debug|Any CPU
		{19376F33-FE3A-4251-9606-3BB9C7152032}.Release|Any CPU.ActiveCfg = Release|Any CPU
		{19376F33-FE3A-4251-9606-3BB9C7152032}.Release|Any CPU.Build.0 = Release|Any CPU
	EndGlobalSection
	GlobalSection(SolutionProperties) = preSolution
		HideSolutionNode = FALSE
	EndGlobalSection
	GlobalSection(ExtensibilityGlobals) = postSolution
		SolutionGuid = {05F09A36-E3B6-4210-8C11-2E1BEF3CA73B}
	EndGlobalSection
EndGlobal
